
Microsoft Visual Studio Solution File, Format Version 12.00
# Visual Studio Version 16
VisualStudioVersion = 16.0.34601.136
MinimumVisualStudioVersion = 10.0.40219.1
Project("{FAE04EC0-301F-11D3-BF4B-00C04F79EFBC}") = "lesson7", "lesson7\lesson7.csproj", "{C122F789-368D-4676-BF78-2546ABEA1555}"
EndProject
Project("{FAE04EC0-301F-11D3-BF4B-00C04F79EFBC}") = "task2", "task2\task2.csproj", "{FEC621DC-999A-4AC8-A0D9-20CA1C5E8188}"
EndProject
Global
	GlobalSection(SolutionConfigurationPlatforms) = preSolution
		Debug|Any CPU = Debug|Any CPU
		Release|Any CPU = Release|Any CPU
	EndGlobalSection
	GlobalSection(ProjectConfigurationPlatforms) = postSolution
		{C122F789-368D-4676-BF78-2546ABEA1555}.Debug|Any CPU.ActiveCfg = Debug|Any CPU
		{C122F789-368D-4676-BF78-2546ABEA1555}.Debug|Any CPU.Build.0 = Debug|Any CPU
		{C122F789-368D-4676-BF78-2546ABEA1555}.Release|Any CPU.ActiveCfg = Release|Any CPU
		{C122F789-368D-4676-BF78-2546ABEA1555}.Release|Any CPU.Build.0 = Release|Any CPU
		{FEC621DC-999A-4AC8-A0D9-20CA1C5E8188}.Debug|Any CPU.ActiveCfg = Debug|Any CPU
		{FEC621DC-999A-4AC8-A0D9-20CA1C5E8188}.Debug|Any CPU.Build.0 = Debug|Any CPU
		{FEC621DC-999A-4AC8-A0D9-20CA1C5E8188}.Release|Any CPU.ActiveCfg = Release|Any CPU
		{FEC621DC-999A-4AC8-A0D9-20CA1C5E8188}.Release|Any CPU.Build.0 = Release|Any CPU
	EndGlobalSection
	GlobalSection(SolutionProperties) = preSolution
		HideSolutionNode = FALSE
	EndGlobalSection
	GlobalSection(ExtensibilityGlobals) = postSolution
		SolutionGuid = {374B4ECE-E705-4A3A-B167-1CF25B5F699B}
	EndGlobalSection
EndGlobal
